
Microsoft Visual Studio Solution File, Format Version 12.00
# Visual Studio Version 16
VisualStudioVersion = 16.0.28803.352
MinimumVisualStudioVersion = 10.0.40219.1
Project("{FAE04EC0-301F-11D3-BF4B-00C04F79EFBC}") = "CommonMath", "CommonMath.csproj", "{22070DBE-99E4-4A2D-9D55-D49F6111D2D0}"
EndProject
Global
	GlobalSection(SolutionConfigurationPlatforms) = preSolution
		Debug|Any CPU = Debug|Any CPU
		Debug|Mixed Platforms = Debug|Mixed Platforms
		Debug|x86 = Debug|x86
		Release|Any CPU = Release|Any CPU
		Release|Mixed Platforms = Release|Mixed Platforms
		Release|x86 = Release|x86
	EndGlobalSection
	GlobalSection(ProjectConfigurationPlatforms) = postSolution
		{22070DBE-99E4-4A2D-9D55-D49F6111D2D0}.Debug|Any CPU.ActiveCfg = Debug|Any CPU
		{22070DBE-99E4-4A2D-9D55-D49F6111D2D0}.Debug|Any CPU.Build.0 = Debug|Any CPU
		{22070DBE-99E4-4A2D-9D55-D49F6111D2D0}.Debug|Mixed Platforms.ActiveCfg = Debug|Any CPU
		{22070DBE-99E4-4A2D-9D55-D49F6111D2D0}.Debug|Mixed Platforms.Build.0 = Debug|Any CPU
		{22070DBE-99E4-4A2D-9D55-D49F6111D2D0}.Debug|x86.ActiveCfg = Debug|Any CPU
		{22070DBE-99E4-4A2D-9D55-D49F6111D2D0}.Release|Any CPU.ActiveCfg = Release|Any CPU
		{22070DBE-99E4-4A2D-9D55-D49F6111D2D0}.Release|Any CPU.Build.0 = Release|Any CPU
		{22070DBE-99E4-4A2D-9D55-D49F6111D2D0}.Release|Mixed Platforms.ActiveCfg = Release|Any CPU
		{22070DBE-99E4-4A2D-9D55-D49F6111D2D0}.Release|Mixed Platforms.Build.0 = Release|Any CPU
		{22070DBE-99E4-4A2D-9D55-D49F6111D2D0}.Release|x86.ActiveCfg = Release|Any CPU
	EndGlobalSection
	GlobalSection(SolutionProperties) = preSolution
		HideSolutionNode = FALSE
	EndGlobalSection
	GlobalSection(ExtensibilityGlobals) = postSolution
		SolutionGuid = {D5BF9CE8-67D0-465F-84EF-027C17398F91}
	EndGlobalSection
EndGlobal
